{
  "requires": true,
  "lockfileVersion": 1,
  "dependencies": {
    "embla-carousel": {
      "version": "4.1.5",
      "resolved": "https://registry.npmjs.org/embla-carousel/-/embla-carousel-4.1.5.tgz",
      "integrity": "sha512-iohN/kibGHUqO+4JbfFKm+9CEA6DEBwIK1RaxDhspoX3Ypm27HQDWbJ4Cbj9FEcQhSlbJoN5v7AUxtUYd9BvbQ=="
    }
  }
}
